// !$*UTF8*$!
{
	archiveVersion = 1;
	classes = {
	};
	objectVersion = 50;
	objects = {

/* Begin PBXBuildFile section */
		00F69559680452F83EAF6710 /* Pods_Alif_Laam_Meem.framework in Frameworks */ = {isa = PBXBuildFile; fileRef = 804310DFCF6CAF852F0B4534 /* Pods_Alif_Laam_Meem.framework */; };
		653CCF4521B7BEDC009CAB8C /* TeacherCollectionViewCell.swift in Sources */ = {isa = PBXBuildFile; fileRef = 653CCF3C21B7BEDB009CAB8C /* TeacherCollectionViewCell.swift */; };
		653CCF4621B7BEDC009CAB8C /* ClassStudentsCollectionViewCell.swift in Sources */ = {isa = PBXBuildFile; fileRef = 653CCF3D21B7BEDB009CAB8C /* ClassStudentsCollectionViewCell.swift */; };
		653CCF4721B7BEDC009CAB8C /* TeacherViewController.swift in Sources */ = {isa = PBXBuildFile; fileRef = 653CCF3E21B7BEDC009CAB8C /* TeacherViewController.swift */; };
		653CCF4821B7BEDC009CAB8C /* TeacherProfileViewController.swift in Sources */ = {isa = PBXBuildFile; fileRef = 653CCF3F21B7BEDC009CAB8C /* TeacherProfileViewController.swift */; };
		653CCF4C21B7BEDC009CAB8C /* TeacherClassStudentsViewController.swift in Sources */ = {isa = PBXBuildFile; fileRef = 653CCF4321B7BEDC009CAB8C /* TeacherClassStudentsViewController.swift */; };
		653CCF4E21B7E917009CAB8C /* TaskManager.swift in Sources */ = {isa = PBXBuildFile; fileRef = 653CCF4D21B7E917009CAB8C /* TaskManager.swift */; };
		653CCF5121B967B0009CAB8C /* MyStudents.swift in Sources */ = {isa = PBXBuildFile; fileRef = 653CCF5021B967B0009CAB8C /* MyStudents.swift */; };
		653CCF5321B967F3009CAB8C /* Student.swift in Sources */ = {isa = PBXBuildFile; fileRef = 653CCF5221B967F3009CAB8C /* Student.swift */; };
		653CCF5521B97865009CAB8C /* requestItem.swift in Sources */ = {isa = PBXBuildFile; fileRef = 653CCF5421B97865009CAB8C /* requestItem.swift */; };
		653CCF5921B97FCB009CAB8C /* StudentAssessmentsVC.swift in Sources */ = {isa = PBXBuildFile; fileRef = 653CCF5821B97FCB009CAB8C /* StudentAssessmentsVC.swift */; };
		653CCF5B21B97FEF009CAB8C /* StudentAssessmentCVC.swift in Sources */ = {isa = PBXBuildFile; fileRef = 653CCF5A21B97FEF009CAB8C /* StudentAssessmentCVC.swift */; };
		653CCF5D21B98643009CAB8C /* TheirAssesments.swift in Sources */ = {isa = PBXBuildFile; fileRef = 653CCF5C21B98643009CAB8C /* TheirAssesments.swift */; };
		653CCF5F21B9867E009CAB8C /* Assessment.swift in Sources */ = {isa = PBXBuildFile; fileRef = 653CCF5E21B9867E009CAB8C /* Assessment.swift */; };
		6562A85B21A173F200CCF6E0 /* QaidaDatatoArray.swift in Sources */ = {isa = PBXBuildFile; fileRef = 6562A85A21A173F200CCF6E0 /* QaidaDatatoArray.swift */; };
		6562A85D21A1744000CCF6E0 /* QaidaClass.swift in Sources */ = {isa = PBXBuildFile; fileRef = 6562A85C21A1744000CCF6E0 /* QaidaClass.swift */; };
		656F28FE21A98DB40066B860 /* LoginVC.swift in Sources */ = {isa = PBXBuildFile; fileRef = 656F28FD21A98DB40066B860 /* LoginVC.swift */; };
		656F290321A994850066B860 /* Test.swift in Sources */ = {isa = PBXBuildFile; fileRef = 656F290221A994850066B860 /* Test.swift */; };
		656F290721A9A4730066B860 /* User.swift in Sources */ = {isa = PBXBuildFile; fileRef = 656F290621A9A4730066B860 /* User.swift */; };
		657A13D621AC460300083319 /* surahNames.csv in Resources */ = {isa = PBXBuildFile; fileRef = 657A13D421AC460300083319 /* surahNames.csv */; };
		657A13D721AC460300083319 /* Quran.csv in Resources */ = {isa = PBXBuildFile; fileRef = 657A13D521AC460300083319 /* Quran.csv */; };
		657E001321AD166600891872 /* TestBoardVC.swift in Sources */ = {isa = PBXBuildFile; fileRef = 657E001221AD166600891872 /* TestBoardVC.swift */; };
		657E001721AD307800891872 /* TestBoardCVCell.swift in Sources */ = {isa = PBXBuildFile; fileRef = 657E001621AD307800891872 /* TestBoardCVCell.swift */; };
		65882DAD21A2797D00597648 /* QaidaData in Resources */ = {isa = PBXBuildFile; fileRef = 65882DAC21A2797D00597648 /* QaidaData */; };
		659A4A28219C6BF9000E4070 /* NewAssessmentCollectionViewCell.swift in Sources */ = {isa = PBXBuildFile; fileRef = 659A4A27219C6BF9000E4070 /* NewAssessmentCollectionViewCell.swift */; };
		659A4A2A219C6C16000E4070 /* NewAssessmentViewController.swift in Sources */ = {isa = PBXBuildFile; fileRef = 659A4A29219C6C16000E4070 /* NewAssessmentViewController.swift */; };
		659B137A21B594EA004C8D71 /* violatedRulesVC.swift in Sources */ = {isa = PBXBuildFile; fileRef = 659B137921B594EA004C8D71 /* violatedRulesVC.swift */; };
		659B137D21B5A100004C8D71 /* SBCardPopupViewController.swift in Sources */ = {isa = PBXBuildFile; fileRef = 659B137C21B5A100004C8D71 /* SBCardPopupViewController.swift */; };
		65B15894219825FD001844F3 /* LessonsViewController.swift in Sources */ = {isa = PBXBuildFile; fileRef = 65B15893219825FD001844F3 /* LessonsViewController.swift */; };
		65B1589B21982A96001844F3 /* lessonsCell.swift in Sources */ = {isa = PBXBuildFile; fileRef = 65B1589A21982A96001844F3 /* lessonsCell.swift */; };
		65CC96EA2201F63500B51973 /* requestTest.swift in Sources */ = {isa = PBXBuildFile; fileRef = 65CC96E92201F63500B51973 /* requestTest.swift */; };
		65F6995D21983DD000F205C6 /* GridViewController.swift in Sources */ = {isa = PBXBuildFile; fileRef = 65F6995C21983DD000F205C6 /* GridViewController.swift */; };
		65F6996021983E3A00F205C6 /* GridViewCell.swift in Sources */ = {isa = PBXBuildFile; fileRef = 65F6995F21983E3A00F205C6 /* GridViewCell.swift */; };
		73752EF92192BC1B004C2A61 /* AppDelegate.swift in Sources */ = {isa = PBXBuildFile; fileRef = 73752EF82192BC1B004C2A61 /* AppDelegate.swift */; };
		73752EFE2192BC1B004C2A61 /* Main.storyboard in Resources */ = {isa = PBXBuildFile; fileRef = 73752EFC2192BC1B004C2A61 /* Main.storyboard */; };
		73752F012192BC1B004C2A61 /* Menu_FYP.xcdatamodeld in Sources */ = {isa = PBXBuildFile; fileRef = 73752EFF2192BC1B004C2A61 /* Menu_FYP.xcdatamodeld */; };
		73752F032192BC1D004C2A61 /* Assets.xcassets in Resources */ = {isa = PBXBuildFile; fileRef = 73752F022192BC1D004C2A61 /* Assets.xcassets */; };
		73752F062192BC1D004C2A61 /* LaunchScreen.storyboard in Resources */ = {isa = PBXBuildFile; fileRef = 73752F042192BC1D004C2A61 /* LaunchScreen.storyboard */; };
		73752F3021939EF7004C2A61 /* playimg.png in Resources */ = {isa = PBXBuildFile; fileRef = 73752F2F21939EF7004C2A61 /* playimg.png */; };
		73752F342193A127004C2A61 /* arabic.otf in Resources */ = {isa = PBXBuildFile; fileRef = 73752F332193A127004C2A61 /* arabic.otf */; };
		73752F362193A7AD004C2A61 /* MenuViewController.swift in Sources */ = {isa = PBXBuildFile; fileRef = 73752F352193A7AD004C2A61 /* MenuViewController.swift */; };
		73752F382193AB7D004C2A61 /* QuranViewController.swift in Sources */ = {isa = PBXBuildFile; fileRef = 73752F372193AB7D004C2A61 /* QuranViewController.swift */; };
		73752F3A2193AC11004C2A61 /* QuranCollectionViewCell.swift in Sources */ = {isa = PBXBuildFile; fileRef = 73752F392193AC11004C2A61 /* QuranCollectionViewCell.swift */; };
		73DA1A42219404B4009716E1 /* QaidaViewController.swift in Sources */ = {isa = PBXBuildFile; fileRef = 73DA1A41219404B4009716E1 /* QaidaViewController.swift */; };
		73DFB3F92193F76700A4FF66 /* QaidaCollectionViewCell.swift in Sources */ = {isa = PBXBuildFile; fileRef = 73DFB3F82193F76700A4FF66 /* QaidaCollectionViewCell.swift */; };
/* End PBXBuildFile section */

/* Begin PBXFileReference section */
		3107A60BED7EAF5ED0D84ED9 /* Pods-Alif_Laam_Meem.release.xcconfig */ = {isa = PBXFileReference; includeInIndex = 1; lastKnownFileType = text.xcconfig; name = "Pods-Alif_Laam_Meem.release.xcconfig"; path = "Pods/Target Support Files/Pods-Alif_Laam_Meem/Pods-Alif_Laam_Meem.release.xcconfig"; sourceTree = "<group>"; };
		653CCF3C21B7BEDB009CAB8C /* TeacherCollectionViewCell.swift */ = {isa = PBXFileReference; fileEncoding = 4; lastKnownFileType = sourcecode.swift; path = TeacherCollectionViewCell.swift; sourceTree = "<group>"; };
		653CCF3D21B7BEDB009CAB8C /* ClassStudentsCollectionViewCell.swift */ = {isa = PBXFileReference; fileEncoding = 4; lastKnownFileType = sourcecode.swift; path = ClassStudentsCollectionViewCell.swift; sourceTree = "<group>"; };
		653CCF3E21B7BEDC009CAB8C /* TeacherViewController.swift */ = {isa = PBXFileReference; fileEncoding = 4; lastKnownFileType = sourcecode.swift; path = TeacherViewController.swift; sourceTree = "<group>"; };
		653CCF3F21B7BEDC009CAB8C /* TeacherProfileViewController.swift */ = {isa = PBXFileReference; fileEncoding = 4; lastKnownFileType = sourcecode.swift; path = TeacherProfileViewController.swift; sourceTree = "<group>"; };
		653CCF4321B7BEDC009CAB8C /* TeacherClassStudentsViewController.swift */ = {isa = PBXFileReference; fileEncoding = 4; lastKnownFileType = sourcecode.swift; path = TeacherClassStudentsViewController.swift; sourceTree = "<group>"; };
		653CCF4D21B7E917009CAB8C /* TaskManager.swift */ = {isa = PBXFileReference; lastKnownFileType = sourcecode.swift; path = TaskManager.swift; sourceTree = "<group>"; };
		653CCF5021B967B0009CAB8C /* MyStudents.swift */ = {isa = PBXFileReference; lastKnownFileType = sourcecode.swift; path = MyStudents.swift; sourceTree = "<group>"; };
		653CCF5221B967F3009CAB8C /* Student.swift */ = {isa = PBXFileReference; lastKnownFileType = sourcecode.swift; path = Student.swift; sourceTree = "<group>"; };
		653CCF5421B97865009CAB8C /* requestItem.swift */ = {isa = PBXFileReference; lastKnownFileType = sourcecode.swift; path = requestItem.swift; sourceTree = "<group>"; };
		653CCF5821B97FCB009CAB8C /* StudentAssessmentsVC.swift */ = {isa = PBXFileReference; lastKnownFileType = sourcecode.swift; path = StudentAssessmentsVC.swift; sourceTree = "<group>"; };
		653CCF5A21B97FEF009CAB8C /* StudentAssessmentCVC.swift */ = {isa = PBXFileReference; lastKnownFileType = sourcecode.swift; path = StudentAssessmentCVC.swift; sourceTree = "<group>"; };
		653CCF5C21B98643009CAB8C /* TheirAssesments.swift */ = {isa = PBXFileReference; lastKnownFileType = sourcecode.swift; path = TheirAssesments.swift; sourceTree = "<group>"; };
		653CCF5E21B9867E009CAB8C /* Assessment.swift */ = {isa = PBXFileReference; lastKnownFileType = sourcecode.swift; path = Assessment.swift; sourceTree = "<group>"; };
		6562A85A21A173F200CCF6E0 /* QaidaDatatoArray.swift */ = {isa = PBXFileReference; lastKnownFileType = sourcecode.swift; path = QaidaDatatoArray.swift; sourceTree = "<group>"; };
		6562A85C21A1744000CCF6E0 /* QaidaClass.swift */ = {isa = PBXFileReference; lastKnownFileType = sourcecode.swift; path = QaidaClass.swift; sourceTree = "<group>"; };
		656F28FD21A98DB40066B860 /* LoginVC.swift */ = {isa = PBXFileReference; lastKnownFileType = sourcecode.swift; path = LoginVC.swift; sourceTree = "<group>"; };
		656F290221A994850066B860 /* Test.swift */ = {isa = PBXFileReference; lastKnownFileType = sourcecode.swift; path = Test.swift; sourceTree = "<group>"; };
		656F290621A9A4730066B860 /* User.swift */ = {isa = PBXFileReference; lastKnownFileType = sourcecode.swift; path = User.swift; sourceTree = "<group>"; };
		657A13D421AC460300083319 /* surahNames.csv */ = {isa = PBXFileReference; fileEncoding = 4; lastKnownFileType = text; path = surahNames.csv; sourceTree = "<group>"; };
		657A13D521AC460300083319 /* Quran.csv */ = {isa = PBXFileReference; fileEncoding = 4; lastKnownFileType = text; path = Quran.csv; sourceTree = "<group>"; };
		657A13D821AC469700083319 /* maddina.ttf */ = {isa = PBXFileReference; lastKnownFileType = file; path = maddina.ttf; sourceTree = "<group>"; };
		657E001221AD166600891872 /* TestBoardVC.swift */ = {isa = PBXFileReference; lastKnownFileType = sourcecode.swift; path = TestBoardVC.swift; sourceTree = "<group>"; };
		657E001621AD307800891872 /* TestBoardCVCell.swift */ = {isa = PBXFileReference; lastKnownFileType = sourcecode.swift; path = TestBoardCVCell.swift; sourceTree = "<group>"; };
		65882DAC21A2797D00597648 /* QaidaData */ = {isa = PBXFileReference; lastKnownFileType = folder; path = QaidaData; sourceTree = "<group>"; };
		659A4A27219C6BF9000E4070 /* NewAssessmentCollectionViewCell.swift */ = {isa = PBXFileReference; lastKnownFileType = sourcecode.swift; path = NewAssessmentCollectionViewCell.swift; sourceTree = "<group>"; };
		659A4A29219C6C16000E4070 /* NewAssessmentViewController.swift */ = {isa = PBXFileReference; lastKnownFileType = sourcecode.swift; path = NewAssessmentViewController.swift; sourceTree = "<group>"; };
		659B137921B594EA004C8D71 /* violatedRulesVC.swift */ = {isa = PBXFileReference; lastKnownFileType = sourcecode.swift; path = violatedRulesVC.swift; sourceTree = "<group>"; };
		659B137C21B5A100004C8D71 /* SBCardPopupViewController.swift */ = {isa = PBXFileReference; fileEncoding = 4; lastKnownFileType = sourcecode.swift; path = SBCardPopupViewController.swift; sourceTree = "<group>"; };
		65B15893219825FD001844F3 /* LessonsViewController.swift */ = {isa = PBXFileReference; lastKnownFileType = sourcecode.swift; path = LessonsViewController.swift; sourceTree = "<group>"; };
		65B1589A21982A96001844F3 /* lessonsCell.swift */ = {isa = PBXFileReference; lastKnownFileType = sourcecode.swift; path = lessonsCell.swift; sourceTree = "<group>"; };
		65CC96E92201F63500B51973 /* requestTest.swift */ = {isa = PBXFileReference; lastKnownFileType = sourcecode.swift; path = requestTest.swift; sourceTree = "<group>"; };
		65F6995C21983DD000F205C6 /* GridViewController.swift */ = {isa = PBXFileReference; lastKnownFileType = sourcecode.swift; path = GridViewController.swift; sourceTree = "<group>"; };
		65F6995F21983E3A00F205C6 /* GridViewCell.swift */ = {isa = PBXFileReference; lastKnownFileType = sourcecode.swift; path = GridViewCell.swift; sourceTree = "<group>"; };
		73752EF52192BC1B004C2A61 /* Alif_Laam_Meem.app */ = {isa = PBXFileReference; explicitFileType = wrapper.application; includeInIndex = 0; path = Alif_Laam_Meem.app; sourceTree = BUILT_PRODUCTS_DIR; };
		73752EF82192BC1B004C2A61 /* AppDelegate.swift */ = {isa = PBXFileReference; lastKnownFileType = sourcecode.swift; path = AppDelegate.swift; sourceTree = "<group>"; };
		73752EFD2192BC1B004C2A61 /* Base */ = {isa = PBXFileReference; lastKnownFileType = file.storyboard; name = Base; path = Base.lproj/Main.storyboard; sourceTree = "<group>"; };
		73752F002192BC1B004C2A61 /* Menu_FYP.xcdatamodel */ = {isa = PBXFileReference; lastKnownFileType = wrapper.xcdatamodel; path = Menu_FYP.xcdatamodel; sourceTree = "<group>"; };
		73752F022192BC1D004C2A61 /* Assets.xcassets */ = {isa = PBXFileReference; lastKnownFileType = folder.assetcatalog; path = Assets.xcassets; sourceTree = "<group>"; };
		73752F052192BC1D004C2A61 /* Base */ = {isa = PBXFileReference; lastKnownFileType = file.storyboard; name = Base; path = Base.lproj/LaunchScreen.storyboard; sourceTree = "<group>"; };
		73752F072192BC1D004C2A61 /* Info.plist */ = {isa = PBXFileReference; lastKnownFileType = text.plist.xml; path = Info.plist; sourceTree = "<group>"; };
		73752F2F21939EF7004C2A61 /* playimg.png */ = {isa = PBXFileReference; lastKnownFileType = image.png; path = playimg.png; sourceTree = "<group>"; };
		73752F332193A127004C2A61 /* arabic.otf */ = {isa = PBXFileReference; lastKnownFileType = file; path = arabic.otf; sourceTree = "<group>"; };
		73752F352193A7AD004C2A61 /* MenuViewController.swift */ = {isa = PBXFileReference; lastKnownFileType = sourcecode.swift; path = MenuViewController.swift; sourceTree = "<group>"; };
		73752F372193AB7D004C2A61 /* QuranViewController.swift */ = {isa = PBXFileReference; lastKnownFileType = sourcecode.swift; path = QuranViewController.swift; sourceTree = "<group>"; };
		73752F392193AC11004C2A61 /* QuranCollectionViewCell.swift */ = {isa = PBXFileReference; lastKnownFileType = sourcecode.swift; path = QuranCollectionViewCell.swift; sourceTree = "<group>"; };
		73DA1A41219404B4009716E1 /* QaidaViewController.swift */ = {isa = PBXFileReference; lastKnownFileType = sourcecode.swift; path = QaidaViewController.swift; sourceTree = "<group>"; };
		73DFB3F82193F76700A4FF66 /* QaidaCollectionViewCell.swift */ = {isa = PBXFileReference; lastKnownFileType = sourcecode.swift; path = QaidaCollectionViewCell.swift; sourceTree = "<group>"; };
		804310DFCF6CAF852F0B4534 /* Pods_Alif_Laam_Meem.framework */ = {isa = PBXFileReference; explicitFileType = wrapper.framework; includeInIndex = 0; path = Pods_Alif_Laam_Meem.framework; sourceTree = BUILT_PRODUCTS_DIR; };
		92FCEE173A16956558ED8887 /* Pods-Alif_Laam_Meem.debug.xcconfig */ = {isa = PBXFileReference; includeInIndex = 1; lastKnownFileType = text.xcconfig; name = "Pods-Alif_Laam_Meem.debug.xcconfig"; path = "Pods/Target Support Files/Pods-Alif_Laam_Meem/Pods-Alif_Laam_Meem.debug.xcconfig"; sourceTree = "<group>"; };
/* End PBXFileReference section */

/* Begin PBXFrameworksBuildPhase section */
		73752EF22192BC1B004C2A61 /* Frameworks */ = {
			isa = PBXFrameworksBuildPhase;
			buildActionMask = 2147483647;
			files = (
				00F69559680452F83EAF6710 /* Pods_Alif_Laam_Meem.framework in Frameworks */,
			);
			runOnlyForDeploymentPostprocessing = 0;
		};
/* End PBXFrameworksBuildPhase section */

/* Begin PBXGroup section */
		65345D1A21AA848100E2EDC9 /* TeacherView */ = {
			isa = PBXGroup;
			children = (
				653CCF5721B97F7F009CAB8C /* StudentAssessments */,
				653CCF5621B97F15009CAB8C /* MyStudents */,
				653CCF4F21B96787009CAB8C /* Classes */,
				653CCF3C21B7BEDB009CAB8C /* TeacherCollectionViewCell.swift */,
				653CCF3E21B7BEDC009CAB8C /* TeacherViewController.swift */,
				653CCF3F21B7BEDC009CAB8C /* TeacherProfileViewController.swift */,
			);
			path = TeacherView;
			sourceTree = "<group>";
		};
		653CCF4F21B96787009CAB8C /* Classes */ = {
			isa = PBXGroup;
			children = (
				653CCF5021B967B0009CAB8C /* MyStudents.swift */,
				653CCF5221B967F3009CAB8C /* Student.swift */,
				653CCF5C21B98643009CAB8C /* TheirAssesments.swift */,
				653CCF5E21B9867E009CAB8C /* Assessment.swift */,
			);
			path = Classes;
			sourceTree = "<group>";
		};
		653CCF5621B97F15009CAB8C /* MyStudents */ = {
			isa = PBXGroup;
			children = (
				653CCF3D21B7BEDB009CAB8C /* ClassStudentsCollectionViewCell.swift */,
				653CCF4321B7BEDC009CAB8C /* TeacherClassStudentsViewController.swift */,
			);
			path = MyStudents;
			sourceTree = "<group>";
		};
		653CCF5721B97F7F009CAB8C /* StudentAssessments */ = {
			isa = PBXGroup;
			children = (
				653CCF5821B97FCB009CAB8C /* StudentAssessmentsVC.swift */,
				653CCF5A21B97FEF009CAB8C /* StudentAssessmentCVC.swift */,
			);
			path = StudentAssessments;
			sourceTree = "<group>";
		};
		656F28FB21A98C280066B860 /* Remote Database structures */ = {
			isa = PBXGroup;
			children = (
				656F290221A994850066B860 /* Test.swift */,
				656F290621A9A4730066B860 /* User.swift */,
				653CCF5421B97865009CAB8C /* requestItem.swift */,
			);
			path = "Remote Database structures";
			sourceTree = "<group>";
		};
		656F28FC21A98D830066B860 /* Login Page */ = {
			isa = PBXGroup;
			children = (
				656F28FD21A98DB40066B860 /* LoginVC.swift */,
			);
			path = "Login Page";
			sourceTree = "<group>";
		};
		657A13D321AC45D600083319 /* QuranFiles */ = {
			isa = PBXGroup;
			children = (
				657A13D521AC460300083319 /* Quran.csv */,
				657A13D421AC460300083319 /* surahNames.csv */,
			);
			path = QuranFiles;
			sourceTree = "<group>";
		};
		657E001121AD162100891872 /* TestBoard */ = {
			isa = PBXGroup;
			children = (
				657E001221AD166600891872 /* TestBoardVC.swift */,
				657E001621AD307800891872 /* TestBoardCVCell.swift */,
				65CC96E92201F63500B51973 /* requestTest.swift */,
			);
			path = TestBoard;
			sourceTree = "<group>";
		};
		659A4A26219C6BC2000E4070 /* NewAssessment */ = {
			isa = PBXGroup;
			children = (
				659A4A27219C6BF9000E4070 /* NewAssessmentCollectionViewCell.swift */,
				659A4A29219C6C16000E4070 /* NewAssessmentViewController.swift */,
			);
			path = NewAssessment;
			sourceTree = "<group>";
		};
		659B137B21B5A0AF004C8D71 /* Violated Rules */ = {
			isa = PBXGroup;
			children = (
				659B137C21B5A100004C8D71 /* SBCardPopupViewController.swift */,
				659B137921B594EA004C8D71 /* violatedRulesVC.swift */,
			);
			path = "Violated Rules";
			sourceTree = "<group>";
		};
		65B15895219829BE001844F3 /* Lessons */ = {
			isa = PBXGroup;
			children = (
				65B15893219825FD001844F3 /* LessonsViewController.swift */,
				65B1589A21982A96001844F3 /* lessonsCell.swift */,
			);
			path = Lessons;
			sourceTree = "<group>";
		};
		65B15896219829DC001844F3 /* Qaida */ = {
			isa = PBXGroup;
			children = (
				73DFB3F82193F76700A4FF66 /* QaidaCollectionViewCell.swift */,
				73DA1A41219404B4009716E1 /* QaidaViewController.swift */,
			);
			path = Qaida;
			sourceTree = "<group>";
		};
		65B1589921982A50001844F3 /* Quran */ = {
			isa = PBXGroup;
			children = (
				73752F372193AB7D004C2A61 /* QuranViewController.swift */,
				73752F392193AC11004C2A61 /* QuranCollectionViewCell.swift */,
			);
			path = Quran;
			sourceTree = "<group>";
		};
		65F6995E21983DD800F205C6 /* GridViewAll */ = {
			isa = PBXGroup;
			children = (
				65F6995C21983DD000F205C6 /* GridViewController.swift */,
				65F6995F21983E3A00F205C6 /* GridViewCell.swift */,
			);
			path = GridViewAll;
			sourceTree = "<group>";
		};
		73752EEC2192BC1B004C2A61 = {
			isa = PBXGroup;
			children = (
				73752EF72192BC1B004C2A61 /* Menu_FYP */,
				73752EF62192BC1B004C2A61 /* Products */,
				BCA9DD516CF0B97D7A9CC893 /* Pods */,
				C948190538613B8AC554778D /* Frameworks */,
			);
			sourceTree = "<group>";
		};
		73752EF62192BC1B004C2A61 /* Products */ = {
			isa = PBXGroup;
			children = (
				73752EF52192BC1B004C2A61 /* Alif_Laam_Meem.app */,
			);
			name = Products;
			sourceTree = "<group>";
		};
		73752EF72192BC1B004C2A61 /* Menu_FYP */ = {
			isa = PBXGroup;
			children = (
				659B137B21B5A0AF004C8D71 /* Violated Rules */,
				657E001121AD162100891872 /* TestBoard */,
				657A13D321AC45D600083319 /* QuranFiles */,
				65345D1A21AA848100E2EDC9 /* TeacherView */,
				65882DAC21A2797D00597648 /* QaidaData */,
				656F28FC21A98D830066B860 /* Login Page */,
				656F28FB21A98C280066B860 /* Remote Database structures */,
				659A4A26219C6BC2000E4070 /* NewAssessment */,
				65F6995E21983DD800F205C6 /* GridViewAll */,
				65B1589921982A50001844F3 /* Quran */,
				65B15896219829DC001844F3 /* Qaida */,
				65B15895219829BE001844F3 /* Lessons */,
				73752F322193A10F004C2A61 /* Fonts */,
				73752F3121939EFF004C2A61 /* Images */,
				73752EF82192BC1B004C2A61 /* AppDelegate.swift */,
				73752EFC2192BC1B004C2A61 /* Main.storyboard */,
				73752F022192BC1D004C2A61 /* Assets.xcassets */,
				73752F042192BC1D004C2A61 /* LaunchScreen.storyboard */,
				73752F072192BC1D004C2A61 /* Info.plist */,
				73752EFF2192BC1B004C2A61 /* Menu_FYP.xcdatamodeld */,
				73752F352193A7AD004C2A61 /* MenuViewController.swift */,
				6562A85A21A173F200CCF6E0 /* QaidaDatatoArray.swift */,
				6562A85C21A1744000CCF6E0 /* QaidaClass.swift */,
				653CCF4D21B7E917009CAB8C /* TaskManager.swift */,
			);
			path = Menu_FYP;
			sourceTree = "<group>";
		};
		73752F3121939EFF004C2A61 /* Images */ = {
			isa = PBXGroup;
			children = (
				73752F2F21939EF7004C2A61 /* playimg.png */,
			);
			path = Images;
			sourceTree = "<group>";
		};
		73752F322193A10F004C2A61 /* Fonts */ = {
			isa = PBXGroup;
			children = (
				657A13D821AC469700083319 /* maddina.ttf */,
				73752F332193A127004C2A61 /* arabic.otf */,
			);
			path = Fonts;
			sourceTree = "<group>";
		};
		BCA9DD516CF0B97D7A9CC893 /* Pods */ = {
			isa = PBXGroup;
			children = (
				92FCEE173A16956558ED8887 /* Pods-Alif_Laam_Meem.debug.xcconfig */,
				3107A60BED7EAF5ED0D84ED9 /* Pods-Alif_Laam_Meem.release.xcconfig */,
			);
			name = Pods;
			sourceTree = "<group>";
		};
		C948190538613B8AC554778D /* Frameworks */ = {
			isa = PBXGroup;
			children = (
				804310DFCF6CAF852F0B4534 /* Pods_Alif_Laam_Meem.framework */,
			);
			name = Frameworks;
			sourceTree = "<group>";
		};
/* End PBXGroup section */

/* Begin PBXNativeTarget section */
		73752EF42192BC1B004C2A61 /* Alif_Laam_Meem */ = {
			isa = PBXNativeTarget;
			buildConfigurationList = 73752F202192BC1D004C2A61 /* Build configuration list for PBXNativeTarget "Alif_Laam_Meem" */;
			buildPhases = (
				6D0FB8721683A96717067106 /* [CP] Check Pods Manifest.lock */,
				73752EF12192BC1B004C2A61 /* Sources */,
				73752EF22192BC1B004C2A61 /* Frameworks */,
				73752EF32192BC1B004C2A61 /* Resources */,
				F3EB223454878EB34C8E98F1 /* [CP] Embed Pods Frameworks */,
			);
			buildRules = (
			);
			dependencies = (
			);
			name = Alif_Laam_Meem;
			productName = Menu_FYP;
			productReference = 73752EF52192BC1B004C2A61 /* Alif_Laam_Meem.app */;
			productType = "com.apple.product-type.application";
		};
/* End PBXNativeTarget section */

/* Begin PBXProject section */
		73752EED2192BC1B004C2A61 /* Project object */ = {
			isa = PBXProject;
			attributes = {
				LastSwiftUpdateCheck = 1010;
				LastUpgradeCheck = 1010;
				ORGANIZATIONNAME = "Bilal Shahid";
				TargetAttributes = {
					73752EF42192BC1B004C2A61 = {
						CreatedOnToolsVersion = 10.1;
					};
				};
			};
			buildConfigurationList = 73752EF02192BC1B004C2A61 /* Build configuration list for PBXProject "Alif_Laam_Meem" */;
			compatibilityVersion = "Xcode 9.3";
			developmentRegion = en;
			hasScannedForEncodings = 0;
			knownRegions = (
				en,
				Base,
			);
			mainGroup = 73752EEC2192BC1B004C2A61;
			productRefGroup = 73752EF62192BC1B004C2A61 /* Products */;
			projectDirPath = "";
			projectRoot = "";
			targets = (
				73752EF42192BC1B004C2A61 /* Alif_Laam_Meem */,
			);
		};
/* End PBXProject section */

/* Begin PBXResourcesBuildPhase section */
		73752EF32192BC1B004C2A61 /* Resources */ = {
			isa = PBXResourcesBuildPhase;
			buildActionMask = 2147483647;
			files = (
				657A13D621AC460300083319 /* surahNames.csv in Resources */,
				73752F062192BC1D004C2A61 /* LaunchScreen.storyboard in Resources */,
				657A13D721AC460300083319 /* Quran.csv in Resources */,
				73752F3021939EF7004C2A61 /* playimg.png in Resources */,
				73752F342193A127004C2A61 /* arabic.otf in Resources */,
				73752F032192BC1D004C2A61 /* Assets.xcassets in Resources */,
				73752EFE2192BC1B004C2A61 /* Main.storyboard in Resources */,
				65882DAD21A2797D00597648 /* QaidaData in Resources */,
			);
			runOnlyForDeploymentPostprocessing = 0;
		};
/* End PBXResourcesBuildPhase section */

/* Begin PBXShellScriptBuildPhase section */
		6D0FB8721683A96717067106 /* [CP] Check Pods Manifest.lock */ = {
			isa = PBXShellScriptBuildPhase;
			buildActionMask = 2147483647;
			files = (
			);
			inputPaths = (
				"${PODS_PODFILE_DIR_PATH}/Podfile.lock",
				"${PODS_ROOT}/Manifest.lock",
			);
			name = "[CP] Check Pods Manifest.lock";
			outputPaths = (
				"$(DERIVED_FILE_DIR)/Pods-Alif_Laam_Meem-checkManifestLockResult.txt",
			);
			runOnlyForDeploymentPostprocessing = 0;
			shellPath = /bin/sh;
			shellScript = "diff \"${PODS_PODFILE_DIR_PATH}/Podfile.lock\" \"${PODS_ROOT}/Manifest.lock\" > /dev/null\nif [ $? != 0 ] ; then\n    # print error to STDERR\n    echo \"error: The sandbox is not in sync with the Podfile.lock. Run 'pod install' or update your CocoaPods installation.\" >&2\n    exit 1\nfi\n# This output is used by Xcode 'outputs' to avoid re-running this script phase.\necho \"SUCCESS\" > \"${SCRIPT_OUTPUT_FILE_0}\"\n";
			showEnvVarsInLog = 0;
		};
		F3EB223454878EB34C8E98F1 /* [CP] Embed Pods Frameworks */ = {
			isa = PBXShellScriptBuildPhase;
			buildActionMask = 2147483647;
			files = (
			);
			inputPaths = (
				"${SRCROOT}/Pods/Target Support Files/Pods-Alif_Laam_Meem/Pods-Alif_Laam_Meem-frameworks.sh",
				"${BUILT_PRODUCTS_DIR}/Alamofire/Alamofire.framework",
			);
			name = "[CP] Embed Pods Frameworks";
			outputPaths = (
				"${TARGET_BUILD_DIR}/${FRAMEWORKS_FOLDER_PATH}/Alamofire.framework",
			);
			runOnlyForDeploymentPostprocessing = 0;
			shellPath = /bin/sh;
			shellScript = "\"${SRCROOT}/Pods/Target Support Files/Pods-Alif_Laam_Meem/Pods-Alif_Laam_Meem-frameworks.sh\"\n";
			showEnvVarsInLog = 0;
		};
/* End PBXShellScriptBuildPhase section */

/* Begin PBXSourcesBuildPhase section */
		73752EF12192BC1B004C2A61 /* Sources */ = {
			isa = PBXSourcesBuildPhase;
			buildActionMask = 2147483647;
			files = (
				73752F012192BC1B004C2A61 /* Menu_FYP.xcdatamodeld in Sources */,
				657E001321AD166600891872 /* TestBoardVC.swift in Sources */,
				65B1589B21982A96001844F3 /* lessonsCell.swift in Sources */,
				73752F362193A7AD004C2A61 /* MenuViewController.swift in Sources */,
				653CCF5D21B98643009CAB8C /* TheirAssesments.swift in Sources */,
				653CCF5521B97865009CAB8C /* requestItem.swift in Sources */,
				656F28FE21A98DB40066B860 /* LoginVC.swift in Sources */,
				659A4A28219C6BF9000E4070 /* NewAssessmentCollectionViewCell.swift in Sources */,
				653CCF5121B967B0009CAB8C /* MyStudents.swift in Sources */,
				653CCF4C21B7BEDC009CAB8C /* TeacherClassStudentsViewController.swift in Sources */,
				6562A85D21A1744000CCF6E0 /* QaidaClass.swift in Sources */,
				73752F3A2193AC11004C2A61 /* QuranCollectionViewCell.swift in Sources */,
				65F6996021983E3A00F205C6 /* GridViewCell.swift in Sources */,
				65CC96EA2201F63500B51973 /* requestTest.swift in Sources */,
				659A4A2A219C6C16000E4070 /* NewAssessmentViewController.swift in Sources */,
				657E001721AD307800891872 /* TestBoardCVCell.swift in Sources */,
				653CCF4821B7BEDC009CAB8C /* TeacherProfileViewController.swift in Sources */,
				73752F382193AB7D004C2A61 /* QuranViewController.swift in Sources */,
				653CCF5B21B97FEF009CAB8C /* StudentAssessmentCVC.swift in Sources */,
				653CCF5321B967F3009CAB8C /* Student.swift in Sources */,
				65B15894219825FD001844F3 /* LessonsViewController.swift in Sources */,
				653CCF4521B7BEDC009CAB8C /* TeacherCollectionViewCell.swift in Sources */,
				65F6995D21983DD000F205C6 /* GridViewController.swift in Sources */,
				653CCF5921B97FCB009CAB8C /* StudentAssessmentsVC.swift in Sources */,
				73752EF92192BC1B004C2A61 /* AppDelegate.swift in Sources */,
				6562A85B21A173F200CCF6E0 /* QaidaDatatoArray.swift in Sources */,
				659B137D21B5A100004C8D71 /* SBCardPopupViewController.swift in Sources */,
				656F290321A994850066B860 /* Test.swift in Sources */,
				73DFB3F92193F76700A4FF66 /* QaidaCollectionViewCell.swift in Sources */,
				659B137A21B594EA004C8D71 /* violatedRulesVC.swift in Sources */,
				73DA1A42219404B4009716E1 /* QaidaViewController.swift in Sources */,
				653CCF4E21B7E917009CAB8C /* TaskManager.swift in Sources */,
				653CCF4621B7BEDC009CAB8C /* ClassStudentsCollectionViewCell.swift in Sources */,
				656F290721A9A4730066B860 /* User.swift in Sources */,
				653CCF4721B7BEDC009CAB8C /* TeacherViewController.swift in Sources */,
				653CCF5F21B9867E009CAB8C /* Assessment.swift in Sources */,
			);
			runOnlyForDeploymentPostprocessing = 0;
		};
/* End PBXSourcesBuildPhase section */

/* Begin PBXVariantGroup section */
		73752EFC2192BC1B004C2A61 /* Main.storyboard */ = {
			isa = PBXVariantGroup;
			children = (
				73752EFD2192BC1B004C2A61 /* Base */,
			);
			name = Main.storyboard;
			sourceTree = "<group>";
		};
		73752F042192BC1D004C2A61 /* LaunchScreen.storyboard */ = {
			isa = PBXVariantGroup;
			children = (
				73752F052192BC1D004C2A61 /* Base */,
			);
			name = LaunchScreen.storyboard;
			sourceTree = "<group>";
		};
/* End PBXVariantGroup section */

/* Begin XCBuildConfiguration section */
		73752F1E2192BC1D004C2A61 /* Debug */ = {
			isa = XCBuildConfiguration;
			buildSettings = {
				ALWAYS_SEARCH_USER_PATHS = NO;
				CLANG_ANALYZER_NONNULL = YES;
				CLANG_ANALYZER_NUMBER_OBJECT_CONVERSION = YES_AGGRESSIVE;
				CLANG_CXX_LANGUAGE_STANDARD = "gnu++14";
				CLANG_CXX_LIBRARY = "libc++";
				CLANG_ENABLE_MODULES = YES;
				CLANG_ENABLE_OBJC_ARC = YES;
				CLANG_ENABLE_OBJC_WEAK = YES;
				CLANG_WARN_BLOCK_CAPTURE_AUTORELEASING = YES;
				CLANG_WARN_BOOL_CONVERSION = YES;
				CLANG_WARN_COMMA = YES;
				CLANG_WARN_CONSTANT_CONVERSION = YES;
				CLANG_WARN_DEPRECATED_OBJC_IMPLEMENTATIONS = YES;
				CLANG_WARN_DIRECT_OBJC_ISA_USAGE = YES_ERROR;
				CLANG_WARN_DOCUMENTATION_COMMENTS = YES;
				CLANG_WARN_EMPTY_BODY = YES;
				CLANG_WARN_ENUM_CONVERSION = YES;
				CLANG_WARN_INFINITE_RECURSION = YES;
				CLANG_WARN_INT_CONVERSION = YES;
				CLANG_WARN_NON_LITERAL_NULL_CONVERSION = YES;
				CLANG_WARN_OBJC_IMPLICIT_RETAIN_SELF = YES;
				CLANG_WARN_OBJC_LITERAL_CONVERSION = YES;
				CLANG_WARN_OBJC_ROOT_CLASS = YES_ERROR;
				CLANG_WARN_RANGE_LOOP_ANALYSIS = YES;
				CLANG_WARN_STRICT_PROTOTYPES = YES;
				CLANG_WARN_SUSPICIOUS_MOVE = YES;
				CLANG_WARN_UNGUARDED_AVAILABILITY = YES_AGGRESSIVE;
				CLANG_WARN_UNREACHABLE_CODE = YES;
				CLANG_WARN__DUPLICATE_METHOD_MATCH = YES;
				CODE_SIGN_IDENTITY = "iPhone Developer";
				COPY_PHASE_STRIP = NO;
				DEBUG_INFORMATION_FORMAT = dwarf;
				ENABLE_STRICT_OBJC_MSGSEND = YES;
				ENABLE_TESTABILITY = YES;
				GCC_C_LANGUAGE_STANDARD = gnu11;
				GCC_DYNAMIC_NO_PIC = NO;
				GCC_NO_COMMON_BLOCKS = YES;
				GCC_OPTIMIZATION_LEVEL = 0;
				GCC_PREPROCESSOR_DEFINITIONS = (
					"DEBUG=1",
					"$(inherited)",
				);
				GCC_WARN_64_TO_32_BIT_CONVERSION = YES;
				GCC_WARN_ABOUT_RETURN_TYPE = YES_ERROR;
				GCC_WARN_UNDECLARED_SELECTOR = YES;
				GCC_WARN_UNINITIALIZED_AUTOS = YES_AGGRESSIVE;
				GCC_WARN_UNUSED_FUNCTION = YES;
				GCC_WARN_UNUSED_VARIABLE = YES;
				IPHONEOS_DEPLOYMENT_TARGET = 12.1;
				MTL_ENABLE_DEBUG_INFO = INCLUDE_SOURCE;
				MTL_FAST_MATH = YES;
				ONLY_ACTIVE_ARCH = YES;
				SDKROOT = iphoneos;
				SWIFT_ACTIVE_COMPILATION_CONDITIONS = DEBUG;
				SWIFT_OPTIMIZATION_LEVEL = "-Onone";
			};
			name = Debug;
		};
		73752F1F2192BC1D004C2A61 /* Release */ = {
			isa = XCBuildConfiguration;
			buildSettings = {
				ALWAYS_SEARCH_USER_PATHS = NO;
				CLANG_ANALYZER_NONNULL = YES;
				CLANG_ANALYZER_NUMBER_OBJECT_CONVERSION = YES_AGGRESSIVE;
				CLANG_CXX_LANGUAGE_STANDARD = "gnu++14";
				CLANG_CXX_LIBRARY = "libc++";
				CLANG_ENABLE_MODULES = YES;
				CLANG_ENABLE_OBJC_ARC = YES;
				CLANG_ENABLE_OBJC_WEAK = YES;
				CLANG_WARN_BLOCK_CAPTURE_AUTORELEASING = YES;
				CLANG_WARN_BOOL_CONVERSION = YES;
				CLANG_WARN_COMMA = YES;
				CLANG_WARN_CONSTANT_CONVERSION = YES;
				CLANG_WARN_DEPRECATED_OBJC_IMPLEMENTATIONS = YES;
				CLANG_WARN_DIRECT_OBJC_ISA_USAGE = YES_ERROR;
				CLANG_WARN_DOCUMENTATION_COMMENTS = YES;
				CLANG_WARN_EMPTY_BODY = YES;
				CLANG_WARN_ENUM_CONVERSION = YES;
				CLANG_WARN_INFINITE_RECURSION = YES;
				CLANG_WARN_INT_CONVERSION = YES;
				CLANG_WARN_NON_LITERAL_NULL_CONVERSION = YES;
				CLANG_WARN_OBJC_IMPLICIT_RETAIN_SELF = YES;
				CLANG_WARN_OBJC_LITERAL_CONVERSION = YES;
				CLANG_WARN_OBJC_ROOT_CLASS = YES_ERROR;
				CLANG_WARN_RANGE_LOOP_ANALYSIS = YES;
				CLANG_WARN_STRICT_PROTOTYPES = YES;
				CLANG_WARN_SUSPICIOUS_MOVE = YES;
				CLANG_WARN_UNGUARDED_AVAILABILITY = YES_AGGRESSIVE;
				CLANG_WARN_UNREACHABLE_CODE = YES;
				CLANG_WARN__DUPLICATE_METHOD_MATCH = YES;
				CODE_SIGN_IDENTITY = "iPhone Developer";
				COPY_PHASE_STRIP = NO;
				DEBUG_INFORMATION_FORMAT = "dwarf-with-dsym";
				ENABLE_NS_ASSERTIONS = NO;
				ENABLE_STRICT_OBJC_MSGSEND = YES;
				GCC_C_LANGUAGE_STANDARD = gnu11;
				GCC_NO_COMMON_BLOCKS = YES;
				GCC_WARN_64_TO_32_BIT_CONVERSION = YES;
				GCC_WARN_ABOUT_RETURN_TYPE = YES_ERROR;
				GCC_WARN_UNDECLARED_SELECTOR = YES;
				GCC_WARN_UNINITIALIZED_AUTOS = YES_AGGRESSIVE;
				GCC_WARN_UNUSED_FUNCTION = YES;
				GCC_WARN_UNUSED_VARIABLE = YES;
				IPHONEOS_DEPLOYMENT_TARGET = 12.1;
				MTL_ENABLE_DEBUG_INFO = NO;
				MTL_FAST_MATH = YES;
				SDKROOT = iphoneos;
				SWIFT_COMPILATION_MODE = wholemodule;
				SWIFT_OPTIMIZATION_LEVEL = "-O";
				VALIDATE_PRODUCT = YES;
			};
			name = Release;
		};
		73752F212192BC1D004C2A61 /* Debug */ = {
			isa = XCBuildConfiguration;
			baseConfigurationReference = 92FCEE173A16956558ED8887 /* Pods-Alif_Laam_Meem.debug.xcconfig */;
			buildSettings = {
				ASSETCATALOG_COMPILER_APPICON_NAME = AppIcon;
				CODE_SIGN_STYLE = Automatic;
				DEVELOPMENT_TEAM = 9V4LT7B24M;
				INFOPLIST_FILE = Menu_FYP/Info.plist;
				LD_RUNPATH_SEARCH_PATHS = (
					"$(inherited)",
					"@executable_path/Frameworks",
				);
				PRODUCT_BUNDLE_IDENTIFIER = com.AMC.Menu;
				PRODUCT_NAME = "$(TARGET_NAME)";
				SWIFT_VERSION = 4.2;
				TARGETED_DEVICE_FAMILY = "1,2";
			};
			name = Debug;
		};
		73752F222192BC1D004C2A61 /* Release */ = {
			isa = XCBuildConfiguration;
			baseConfigurationReference = 3107A60BED7EAF5ED0D84ED9 /* Pods-Alif_Laam_Meem.release.xcconfig */;
			buildSettings = {
				ASSETCATALOG_COMPILER_APPICON_NAME = AppIcon;
				CODE_SIGN_STYLE = Automatic;
				DEVELOPMENT_TEAM = 9V4LT7B24M;
				INFOPLIST_FILE = Menu_FYP/Info.plist;
				LD_RUNPATH_SEARCH_PATHS = (
					"$(inherited)",
					"@executable_path/Frameworks",
				);
				PRODUCT_BUNDLE_IDENTIFIER = com.AMC.Menu;
				PRODUCT_NAME = "$(TARGET_NAME)";
				SWIFT_VERSION = 4.2;
				TARGETED_DEVICE_FAMILY = "1,2";
			};
			name = Release;
		};
/* End XCBuildConfiguration section */

/* Begin XCConfigurationList section */
		73752EF02192BC1B004C2A61 /* Build configuration list for PBXProject "Alif_Laam_Meem" */ = {
			isa = XCConfigurationList;
			buildConfigurations = (
				73752F1E2192BC1D004C2A61 /* Debug */,
				73752F1F2192BC1D004C2A61 /* Release */,
			);
			defaultConfigurationIsVisible = 0;
			defaultConfigurationName = Release;
		};
		73752F202192BC1D004C2A61 /* Build configuration list for PBXNativeTarget "Alif_Laam_Meem" */ = {
			isa = XCConfigurationList;
			buildConfigurations = (
				73752F212192BC1D004C2A61 /* Debug */,
				73752F222192BC1D004C2A61 /* Release */,
			);
			defaultConfigurationIsVisible = 0;
			defaultConfigurationName = Release;
		};
/* End XCConfigurationList section */

/* Begin XCVersionGroup section */
		73752EFF2192BC1B004C2A61 /* Menu_FYP.xcdatamodeld */ = {
			isa = XCVersionGroup;
			children = (
				73752F002192BC1B004C2A61 /* Menu_FYP.xcdatamodel */,
			);
			currentVersion = 73752F002192BC1B004C2A61 /* Menu_FYP.xcdatamodel */;
			path = Menu_FYP.xcdatamodeld;
			sourceTree = "<group>";
			versionGroupType = wrapper.xcdatamodel;
		};
/* End XCVersionGroup section */
	};
	rootObject = 73752EED2192BC1B004C2A61 /* Project object */;
}
